{
  "version": 1,
  "dependencies": {
    "net10.0": {
      "Humanizer": {
        "type": "Direct",
        "requested": "[2.14.1, )",
        "resolved": "2.14.1",
        "contentHash": "/FUTD3cEceAAmJSCPN9+J+VhGwmL/C12jvwlyM1DFXShEMsBzvLzLqSrJ2rb+k/W2znKw7JyflZgZpyE+tI7lA==",
        "dependencies": {
          "Humanizer.Core.af": "2.14.1",
          "Humanizer.Core.ar": "2.14.1",
          "Humanizer.Core.az": "2.14.1",
          "Humanizer.Core.bg": "2.14.1",
          "Humanizer.Core.bn-BD": "2.14.1",
          "Humanizer.Core.cs": "2.14.1",
          "Humanizer.Core.da": "2.14.1",
          "Humanizer.Core.de": "2.14.1",
          "Humanizer.Core.el": "2.14.1",
          "Humanizer.Core.es": "2.14.1",
          "Humanizer.Core.fa": "2.14.1",
          "Humanizer.Core.fi-FI": "2.14.1",
          "Humanizer.Core.fr": "2.14.1",
          "Humanizer.Core.fr-BE": "2.14.1",
          "Humanizer.Core.he": "2.14.1",
          "Humanizer.Core.hr": "2.14.1",
          "Humanizer.Core.hu": "2.14.1",
          "Humanizer.Core.hy": "2.14.1",
          "Humanizer.Core.id": "2.14.1",
          "Humanizer.Core.is": "2.14.1",
          "Humanizer.Core.it": "2.14.1",
          "Humanizer.Core.ja": "2.14.1",
          "Humanizer.Core.ko-KR": "2.14.1",
          "Humanizer.Core.ku": "2.14.1",
          "Humanizer.Core.lv": "2.14.1",
          "Humanizer.Core.ms-MY": "2.14.1",
          "Humanizer.Core.mt": "2.14.1",
          "Humanizer.Core.nb": "2.14.1",
          "Humanizer.Core.nb-NO": "2.14.1",
          "Humanizer.Core.nl": "2.14.1",
          "Humanizer.Core.pl": "2.14.1",
          "Humanizer.Core.pt": "2.14.1",
          "Humanizer.Core.ro": "2.14.1",
          "Humanizer.Core.ru": "2.14.1",
          "Humanizer.Core.sk": "2.14.1",
          "Humanizer.Core.sl": "2.14.1",
          "Humanizer.Core.sr": "2.14.1",
          "Humanizer.Core.sr-Latn": "2.14.1",
          "Humanizer.Core.sv": "2.14.1",
          "Humanizer.Core.th-TH": "2.14.1",
          "Humanizer.Core.tr": "2.14.1",
          "Humanizer.Core.uk": "2.14.1",
          "Humanizer.Core.uz-Cyrl-UZ": "2.14.1",
          "Humanizer.Core.uz-Latn-UZ": "2.14.1",
          "Humanizer.Core.vi": "2.14.1",
          "Humanizer.Core.zh-CN": "2.14.1",
          "Humanizer.Core.zh-Hans": "2.14.1",
          "Humanizer.Core.zh-Hant": "2.14.1"
        }
      },
      "MassTransit.EntityFrameworkCore": {
        "type": "Direct",
        "requested": "[8.3.6, )",
        "resolved": "8.3.6",
        "contentHash": "qZtWIzd/cFosHiL5eKsk3DUZUH6w0/PBrRxjjyDK4SKUWE9WrdCvz59ocJVCQ8QQHeJYATLnFlEJ1Oshw1AbCw==",
        "dependencies": {
          "MassTransit": "8.3.6",
          "Microsoft.EntityFrameworkCore.Relational": "9.0.0",
          "Microsoft.Extensions.Caching.Memory": "9.0.0"
        }
      },
      "MassTransit.RabbitMQ": {
        "type": "Direct",
        "requested": "[8.3.6, )",
        "resolved": "8.3.6",
        "contentHash": "gR67/f8reudNVUf0yDdUBuDLBFjDdqCSF8K3XaIlpHSRmmCUTBVPVrt0h65/Zty00okBHzcbUX32bLZeQL51sw==",
        "dependencies": {
          "MassTransit": "8.3.6",
          "RabbitMQ.Client": "7.0.0"
        }
      },
      "Microsoft.AspNetCore.Authentication.JwtBearer": {
        "type": "Direct",
        "requested": "[9.0.2, )",
        "resolved": "9.0.2",
        "contentHash": "p3WhJqzvf6uuQiYpxARdC4Yr+UquZzzk7ZGun4MSufx3Mi9kmfjlU0e2MiBRHYWQdfx2HjU0ifaHJecJ7lXqug==",
        "dependencies": {
          "Microsoft.IdentityModel.Protocols.OpenIdConnect": "8.0.1"
        }
      },
      "Microsoft.AspNetCore.Http.Abstractions": {
        "type": "Direct",
        "requested": "[2.3.0, )",
        "resolved": "2.3.0",
        "contentHash": "39r9PPrjA6s0blyFv5qarckjNkaHRA5B+3b53ybuGGNTXEj1/DStQJ4NWjFL6QTRQpL9zt7nDyKxZdJOlcnq+Q==",
        "dependencies": {
          "Microsoft.AspNetCore.Http.Features": "2.3.0"
        }
      },
      "Octokit": {
        "type": "Direct",
        "requested": "[14.0.0, )",
        "resolved": "14.0.0",
        "contentHash": "jGOuTH1l+TCpJH+fwYOp7USzHDuGfN1jKbLz3J2COwyn+wL08eynvpnM6rY2qkzIEXum3PN2p2QkP3BW/p9Qcw=="
      },
      "Serilog.AspNetCore": {
        "type": "Direct",
        "requested": "[9.0.0, )",
        "resolved": "9.0.0",
        "contentHash": "JslDajPlBsn3Pww1554flJFTqROvK9zz9jONNQgn0D8Lx2Trw8L0A8/n6zEQK1DAZWXrJwiVLw8cnTR3YFuYsg==",
        "dependencies": {
          "Serilog": "4.2.0",
          "Serilog.Extensions.Hosting": "9.0.0",
          "Serilog.Formatting.Compact": "3.0.0",
          "Serilog.Settings.Configuration": "9.0.0",
          "Serilog.Sinks.Console": "6.0.0",
          "Serilog.Sinks.Debug": "3.0.0",
          "Serilog.Sinks.File": "6.0.0"
        }
      },
      "Serilog.Enrichers.ClientInfo": {
        "type": "Direct",
        "requested": "[2.1.2, )",
        "resolved": "2.1.2",
        "contentHash": "pj4yBNYghlax7SMEzRVSUHWeArlabjy5yAdw9bnxK5Nwjj8gWIqKSLtXV2wt1VxnRGGa+UiROwkQjhh93MWB5g==",
        "dependencies": {
          "Serilog": "2.9.0"
        }
      },
      "Serilog.Enrichers.Environment": {
        "type": "Direct",
        "requested": "[3.0.1, )",
        "resolved": "3.0.1",
        "contentHash": "9BqCE4C9FF+/rJb/CsQwe7oVf44xqkOvMwX//CUxvUR25lFL4tSS6iuxE5eW07quby1BAyAEP+vM6TWsnT3iqw==",
        "dependencies": {
          "Serilog": "4.0.0"
        }
      },
      "Serilog.Sinks.OpenObserve": {
        "type": "Direct",
        "requested": "[2.0.0, )",
        "resolved": "2.0.0",
        "contentHash": "O1LaPxdaXBU6kxZlRb/JrO0EAp5dajBCscBaqZ6rMsp68VNp4CVdXj4EhS9yzD3q0cDEcDaVg05BI+CieQqn/Q==",
        "dependencies": {
          "Refit": "8.0.0",
          "Serilog": "4.2.0",
          "Serilog.Expressions": "5.0.0",
          "Serilog.Sinks.PeriodicBatching": "5.0.0"
        }
      },
      "Swashbuckle.AspNetCore.Swagger": {
        "type": "Direct",
        "requested": "[7.2.0, )",
        "resolved": "7.2.0",
        "contentHash": "y27fNDfIh1vGhJjXYynLcZjl7DLOW1bSO2MDsY9wB4Zm1fdxpPsuBSiR4U+0acWlAqLmnuOPKr/OeOgwRUkBlw==",
        "dependencies": {
          "Microsoft.OpenApi": "1.6.22"
        }
      },
      "Swashbuckle.AspNetCore.SwaggerGen": {
        "type": "Direct",
        "requested": "[7.2.0, )",
        "resolved": "7.2.0",
        "contentHash": "pMrTxGVuXM7t4wqft5CNNU8A0++Yw5kTLmYhB6tbEcyBfO8xEF/Y8pkJhO6BZ/2MYONrRYoQTfPFJqu8fOf5WQ==",
        "dependencies": {
          "Swashbuckle.AspNetCore.Swagger": "7.2.0"
        }
      },
      "Swashbuckle.AspNetCore.SwaggerUI": {
        "type": "Direct",
        "requested": "[7.2.0, )",
        "resolved": "7.2.0",
        "contentHash": "hgrXeKzyp5OGN8qVvL7A+vhmU7mDJTfGpiMBRL66IcfLOyna8UTLtn3cC3CghamXpRDufcc9ciklTszUGEQK0w=="
      },
      "Azure.Core": {
        "type": "Transitive",
        "resolved": "1.47.1",
        "contentHash": "oPcncSsDHuxB8SC522z47xbp2+ttkcKv2YZ90KXhRKN0YQd2+7l1UURT9EBzUNEXtkLZUOAB5xbByMTrYRh3yA==",
        "dependencies": {
          "Microsoft.Bcl.AsyncInterfaces": "8.0.0",
          "System.ClientModel": "1.5.1",
          "System.Memory.Data": "8.0.1"
        }
      },
      "Azure.Identity": {
        "type": "Transitive",
        "resolved": "1.14.2",
        "contentHash": "YhNMwOTwT+I2wIcJKSdP0ADyB2aK+JaYWZxO8LSRDm5w77LFr0ykR9xmt2ZV5T1gaI7xU6iNFIh/yW1dAlpddQ==",
        "dependencies": {
          "Azure.Core": "1.46.1",
          "Microsoft.Identity.Client": "4.73.1",
          "Microsoft.Identity.Client.Extensions.Msal": "4.73.1"
        }
      },
      "FluentValidation": {
        "type": "Transitive",
        "resolved": "12.1.1",
        "contentHash": "EPpkIe1yh1a0OXyC100oOA8WMbZvqUu5plwhvYcb7oSELfyUZzfxV48BLhvs3kKo4NwG7MGLNgy1RJiYtT8Dpw=="
      },
      "FluentValidation.AspNetCore": {
        "type": "Transitive",
        "resolved": "11.3.1",
        "contentHash": "FjkfrGGwC+25oH8QpX1ti3gxkFjDDtotkAQWyQz2CkwQwEfRKTANjhh77I79kY8dov2ydK1SY+e4jiOWsbbDdQ==",
        "dependencies": {
          "FluentValidation": "11.11.0",
          "FluentValidation.DependencyInjectionExtensions": "11.11.0"
        }
      },
      "FluentValidation.DependencyInjectionExtensions": {
        "type": "Transitive",
        "resolved": "12.1.1",
        "contentHash": "D0VXh4dtjjX2aQizuaa0g6R8X3U1JaVqJPfGCvLwZX9t/O2h7tkpbitbadQMfwcgSPdDbI2vDxuwRMv/Uf9dHA==",
        "dependencies": {
          "FluentValidation": "12.1.1",
          "Microsoft.Extensions.DependencyInjection.Abstractions": "2.1.0"
        }
      },
      "Humanizer.Core": {
        "type": "Transitive",
        "resolved": "2.14.1",
        "contentHash": "lQKvtaTDOXnoVJ20ibTuSIOf2i0uO0MPbDhd1jm238I+U/2ZnRENj0cktKZhtchBMtCUSRQ5v4xBCUbKNmyVMw=="
      },
      "Humanizer.Core.af": {
        "type": "Transitive",
        "resolved": "2.14.1",
        "contentHash": "BoQHyu5le+xxKOw+/AUM7CLXneM/Bh3++0qh1u0+D95n6f9eGt9kNc8LcAHLIOwId7Sd5hiAaaav0Nimj3peNw==",
        "dependencies": {
          "Humanizer.Core": "[2.14.1]"
        }
      },
      "Humanizer.Core.ar": {
        "type": "Transitive",
        "resolved": "2.14.1",
        "contentHash": "3d1V10LDtmqg5bZjWkA/EkmGFeSfNBcyCH+TiHcHP+HGQQmRq3eBaLcLnOJbVQVn3Z6Ak8GOte4RX4kVCxQlFA==",
        "dependencies": {
          "Humanizer.Core": "[2.14.1]"
        }
      },
      "Humanizer.Core.az": {
        "type": "Transitive",
        "resolved": "2.14.1",
        "contentHash": "8Z/tp9PdHr/K2Stve2Qs/7uqWPWLUK9D8sOZDNzyv42e20bSoJkHFn7SFoxhmaoVLJwku2jp6P7HuwrfkrP18Q==",
        "dependencies": {
          "Humanizer.Core": "[2.14.1]"
        }
      },
      "Humanizer.Core.bg": {
        "type": "Transitive",
        "resolved": "2.14.1",
        "contentHash": "S+hIEHicrOcbV2TBtyoPp1AVIGsBzlarOGThhQYCnP6QzEYo/5imtok6LMmhZeTnBFoKhM8yJqRfvJ5yqVQKSQ==",
        "dependencies": {
          "Humanizer.Core": "[2.14.1]"
        }
      },
      "Humanizer.Core.bn-BD": {
        "type": "Transitive",
        "resolved": "2.14.1",
        "contentHash": "U3bfj90tnUDRKlL1ZFlzhCHoVgpTcqUlTQxjvGCaFKb+734TTu3nkHUWVZltA1E/swTvimo/aXLtkxnLFrc0EQ==",
        "dependencies": {
          "Humanizer.Core": "[2.14.1]"
        }
      },
      "Humanizer.Core.cs": {
        "type": "Transitive",
        "resolved": "2.14.1",
        "contentHash": "jWrQkiCTy3L2u1T86cFkgijX6k7hoB0pdcFMWYaSZnm6rvG/XJE40tfhYyKhYYgIc1x9P2GO5AC7xXvFnFdqMQ==",
        "dependencies": {
          "Humanizer.Core": "[2.14.1]"
        }
      },
      "Humanizer.Core.da": {
        "type": "Transitive",
        "resolved": "2.14.1",
        "contentHash": "5o0rJyE/2wWUUphC79rgYDnif/21MKTTx9LIzRVz9cjCIVFrJ2bDyR2gapvI9D6fjoyvD1NAfkN18SHBsO8S9g==",
        "dependencies": {
          "Humanizer.Core": "[2.14.1]"
        }
      },
      "Humanizer.Core.de": {
        "type": "Transitive",
        "resolved": "2.14.1",
        "contentHash": "9JD/p+rqjb8f5RdZ3aEJqbjMYkbk4VFii2QDnnOdNo6ywEfg/A5YeOQ55CaBJmy7KvV4tOK4+qHJnX/tg3Z54A==",
        "dependencies": {
          "Humanizer.Core": "[2.14.1]"
        }
      },
      "Humanizer.Core.el": {
        "type": "Transitive",
        "resolved": "2.14.1",
        "contentHash": "Xmv6sTL5mqjOWGGpqY7bvbfK5RngaUHSa8fYDGSLyxY9mGdNbDcasnRnMOvi0SxJS9gAqBCn21Xi90n2SHZbFA==",
        "dependencies": {
          "Humanizer.Core": "[2.14.1]"
        }
      },
      "Humanizer.Core.es": {
        "type": "Transitive",
        "resolved": "2.14.1",
        "contentHash": "e//OIAeMB7pjBV1HqqI4pM2Bcw3Jwgpyz9G5Fi4c+RJvhqFwztoWxW57PzTnNJE2lbhGGLQZihFZjsbTUsbczA==",
        "dependencies": {
          "Humanizer.Core": "[2.14.1]"
        }
      },
      "Humanizer.Core.fa": {
        "type": "Transitive",
        "resolved": "2.14.1",
        "contentHash": "nzDOj1x0NgjXMjsQxrET21t1FbdoRYujzbmZoR8u8ou5CBWY1UNca0j6n/PEJR/iUbt4IxstpszRy41wL/BrpA==",
        "dependencies": {
          "Humanizer.Core": "[2.14.1]"
        }
      },
      "Humanizer.Core.fi-FI": {
        "type": "Transitive",
        "resolved": "2.14.1",
        "contentHash": "Vnxxx4LUhp3AzowYi6lZLAA9Lh8UqkdwRh4IE2qDXiVpbo08rSbokATaEzFS+o+/jCNZBmoyyyph3vgmcSzhhQ==",
        "dependencies": {
          "Humanizer.Core": "[2.14.1]"
        }
      },
      "Humanizer.Core.fr": {
        "type": "Transitive",
        "resolved": "2.14.1",
        "contentHash": "2p4g0BYNzFS3u9SOIDByp2VClYKO0K1ecDV4BkB9EYdEPWfFODYnF+8CH8LpUrpxL2TuWo2fiFx/4Jcmrnkbpg==",
        "dependencies": {
          "Humanizer.Core": "[2.14.1]"
        }
      },
      "Humanizer.Core.fr-BE": {
        "type": "Transitive",
        "resolved": "2.14.1",
        "contentHash": "o6R3SerxCRn5Ij8nCihDNMGXlaJ/1AqefteAssgmU2qXYlSAGdhxmnrQAXZUDlE4YWt/XQ6VkNLtH7oMqsSPFQ==",
        "dependencies": {
          "Humanizer.Core": "[2.14.1]"
        }
      },
      "Humanizer.Core.he": {
        "type": "Transitive",
        "resolved": "2.14.1",
        "contentHash": "FPsAhy7Iw6hb+ZitLgYC26xNcgGAHXb0V823yFAzcyoL5ozM+DCJtYfDPYiOpsJhEZmKFTM9No0jUn1M89WGvg==",
        "dependencies": {
          "Humanizer.Core": "[2.14.1]"
        }
      },
      "Humanizer.Core.hr": {
        "type": "Transitive",
        "resolved": "2.14.1",
        "contentHash": "chnaD89yOlST142AMkAKLuzRcV5df3yyhDyRU5rypDiqrq2HN8y1UR3h1IicEAEtXLoOEQyjSAkAQ6QuXkn7aw==",
        "dependencies": {
          "Humanizer.Core": "[2.14.1]"
        }
      },
      "Humanizer.Core.hu": {
        "type": "Transitive",
        "resolved": "2.14.1",
        "contentHash": "hAfnaoF9LTGU/CmFdbnvugN4tIs8ppevVMe3e5bD24+tuKsggMc5hYta9aiydI8JH9JnuVmxvNI4DJee1tK05A==",
        "dependencies": {
          "Humanizer.Core": "[2.14.1]"
        }
      },
      "Humanizer.Core.hy": {
        "type": "Transitive",
        "resolved": "2.14.1",
        "contentHash": "sVIKxOiSBUb4gStRHo9XwwAg9w7TNvAXbjy176gyTtaTiZkcjr9aCPziUlYAF07oNz6SdwdC2mwJBGgvZ0Sl2g==",
        "dependencies": {
          "Humanizer.Core": "[2.14.1]"
        }
      },
      "Humanizer.Core.id": {
        "type": "Transitive",
        "resolved": "2.14.1",
        "contentHash": "4Zl3GTvk3a49Ia/WDNQ97eCupjjQRs2iCIZEQdmkiqyaLWttfb+cYXDMGthP42nufUL0SRsvBctN67oSpnXtsg==",
        "dependencies": {
          "Humanizer.Core": "[2.14.1]"
        }
      },
      "Humanizer.Core.is": {
        "type": "Transitive",
        "resolved": "2.14.1",
        "contentHash": "R67A9j/nNgcWzU7gZy1AJ07ABSLvogRbqOWvfRDn4q6hNdbg/mjGjZBp4qCTPnB2mHQQTCKo3oeCUayBCNIBCw==",
        "dependencies": {
          "Humanizer.Core": "[2.14.1]"
        }
      },
      "Humanizer.Core.it": {
        "type": "Transitive",
        "resolved": "2.14.1",
        "contentHash": "jYxGeN4XIKHVND02FZ+Woir3CUTyBhLsqxu9iqR/9BISArkMf1Px6i5pRZnvq4fc5Zn1qw71GKKoCaHDJBsLFw==",
        "dependencies": {
          "Humanizer.Core": "[2.14.1]"
        }
      },
      "Humanizer.Core.ja": {
        "type": "Transitive",
        "resolved": "2.14.1",
        "contentHash": "TM3ablFNoYx4cYJybmRgpDioHpiKSD7q0QtMrmpsqwtiiEsdW5zz/q4PolwAczFnvrKpN6nBXdjnPPKVet93ng==",
        "dependencies": {
          "Humanizer.Core": "[2.14.1]"
        }
      },
      "Humanizer.Core.ko-KR": {
        "type": "Transitive",
        "resolved": "2.14.1",
        "contentHash": "CtvwvK941k/U0r8PGdEuBEMdW6jv/rBiA9tUhakC7Zd2rA/HCnDcbr1DiNZ+/tRshnhzxy/qwmpY8h4qcAYCtQ==",
        "dependencies": {
          "Humanizer.Core": "[2.14.1]"
        }
      },
      "Humanizer.Core.ku": {
        "type": "Transitive",
        "resolved": "2.14.1",
        "contentHash": "vHmzXcVMe+LNrF9txpdHzpG7XJX65SiN9GQd/Zkt6gsGIIEeECHrkwCN5Jnlkddw2M/b0HS4SNxdR1GrSn7uCA==",
        "dependencies": {
          "Humanizer.Core": "[2.14.1]"
        }
      },
      "Humanizer.Core.lv": {
        "type": "Transitive",
        "resolved": "2.14.1",
        "contentHash": "E1/KUVnYBS1bdOTMNDD7LV/jdoZv/fbWTLPtvwdMtSdqLyRTllv6PGM9xVQoFDYlpvVGtEl/09glCojPHw8ffA==",
        "dependencies": {
          "Humanizer.Core": "[2.14.1]"
        }
      },
      "Humanizer.Core.ms-MY": {
        "type": "Transitive",
        "resolved": "2.14.1",
        "contentHash": "vX8oq9HnYmAF7bek4aGgGFJficHDRTLgp/EOiPv9mBZq0i4SA96qVMYSjJ2YTaxs7Eljqit7pfpE2nmBhY5Fnw==",
        "dependencies": {
          "Humanizer.Core": "[2.14.1]"
        }
      },
      "Humanizer.Core.mt": {
        "type": "Transitive",
        "resolved": "2.14.1",
        "contentHash": "pEgTBzUI9hzemF7xrIZigl44LidTUhNu4x/P6M9sAwZjkUF0mMkbpxKkaasOql7lLafKrnszs0xFfaxQyzeuZQ==",
        "dependencies": {
          "Humanizer.Core": "[2.14.1]"
        }
      },
      "Humanizer.Core.nb": {
        "type": "Transitive",
        "resolved": "2.14.1",
        "contentHash": "mbs3m6JJq53ssLqVPxNfqSdTxAcZN3njlG8yhJVx83XVedpTe1ECK9aCa8FKVOXv93Gl+yRHF82Hw9T9LWv2hw==",
        "dependencies": {
          "Humanizer.Core": "[2.14.1]"
        }
      },
      "Humanizer.Core.nb-NO": {
        "type": "Transitive",
        "resolved": "2.14.1",
        "contentHash": "AsJxrrVYmIMbKDGe8W6Z6//wKv9dhWH7RsTcEHSr4tQt/80pcNvLi0hgD3fqfTtg0tWKtgch2cLf4prorEV+5A==",
        "dependencies": {
          "Humanizer.Core": "[2.14.1]"
        }
      },
      "Humanizer.Core.nl": {
        "type": "Transitive",
        "resolved": "2.14.1",
        "contentHash": "24b0OUdzJxfoqiHPCtYnR5Y4l/s4Oh7KW7uDp+qX25NMAHLCGog2eRfA7p2kRJp8LvnynwwQxm2p534V9m55wQ==",
        "dependencies": {
          "Humanizer.Core": "[2.14.1]"
        }
      },
      "Humanizer.Core.pl": {
        "type": "Transitive",
        "resolved": "2.14.1",
        "contentHash": "17mJNYaBssENVZyQHduiq+bvdXS0nhZJGEXtPKoMhKv3GD//WO0mEfd9wjEBsWCSmWI7bjRqhCidxzN+YtJmsg==",
        "dependencies": {
          "Humanizer.Core": "[2.14.1]"
        }
      },
      "Humanizer.Core.pt": {
        "type": "Transitive",
        "resolved": "2.14.1",
        "contentHash": "8HB8qavcVp2la1GJX6t+G9nDYtylPKzyhxr9LAooIei9MnQvNsjEiIE4QvHoeDZ4weuQ9CsPg1c211XUMVEZ4A==",
        "dependencies": {
          "Humanizer.Core": "[2.14.1]"
        }
      },
      "Humanizer.Core.ro": {
        "type": "Transitive",
        "resolved": "2.14.1",
        "contentHash": "psXNOcA6R8fSHoQYhpBTtTTYiOk8OBoN3PKCEDgsJKIyeY5xuK81IBdGi77qGZMu/OwBRQjQCBMtPJb0f4O1+A==",
        "dependencies": {
          "Humanizer.Core": "[2.14.1]"
        }
      },
      "Humanizer.Core.ru": {
        "type": "Transitive",
        "resolved": "2.14.1",
        "contentHash": "zm245xUWrajSN2t9H7BTf84/2APbUkKlUJpcdgsvTdAysr1ag9fi1APu6JEok39RRBXDfNRVZHawQ/U8X0pSvQ==",
        "dependencies": {
          "Humanizer.Core": "[2.14.1]"
        }
      },
      "Humanizer.Core.sk": {
        "type": "Transitive",
        "resolved": "2.14.1",
        "contentHash": "Ncw24Vf3ioRnbU4MsMFHafkyYi8JOnTqvK741GftlQvAbULBoTz2+e7JByOaasqeSi0KfTXeegJO+5Wk1c0Mbw==",
        "dependencies": {
          "Humanizer.Core": "[2.14.1]"
        }
      },
      "Humanizer.Core.sl": {
        "type": "Transitive",
        "resolved": "2.14.1",
        "contentHash": "l8sUy4ciAIbVThWNL0atzTS2HWtv8qJrsGWNlqrEKmPwA4SdKolSqnTes9V89fyZTc2Q43jK8fgzVE2C7t009A==",
        "dependencies": {
          "Humanizer.Core": "[2.14.1]"
        }
      },
      "Humanizer.Core.sr": {
        "type": "Transitive",
        "resolved": "2.14.1",
        "contentHash": "rnNvhpkOrWEymy7R/MiFv7uef8YO5HuXDyvojZ7JpijHWA5dXuVXooCOiA/3E93fYa3pxDuG2OQe4M/olXbQ7w==",
        "dependencies": {
          "Humanizer.Core": "[2.14.1]"
        }
      },
      "Humanizer.Core.sr-Latn": {
        "type": "Transitive",
        "resolved": "2.14.1",
        "contentHash": "nuy/ykpk974F8ItoQMS00kJPr2dFNjOSjgzCwfysbu7+gjqHmbLcYs7G4kshLwdA4AsVncxp99LYeJgoh1JF5g==",
        "dependencies": {
          "Humanizer.Core": "[2.14.1]"
        }
      },
      "Humanizer.Core.sv": {
        "type": "Transitive",
        "resolved": "2.14.1",
        "contentHash": "E53+tpAG0RCp+cSSI7TfBPC+NnsEqUuoSV0sU+rWRXWr9MbRWx1+Zj02XMojqjGzHjjOrBFBBio6m74seFl0AA==",
        "dependencies": {
          "Humanizer.Core": "[2.14.1]"
        }
      },
      "Humanizer.Core.th-TH": {
        "type": "Transitive",
        "resolved": "2.14.1",
        "contentHash": "eSevlJtvs1r4vQarNPfZ2kKDp/xMhuD00tVVzRXkSh1IAZbBJI/x2ydxUOwfK9bEwEp+YjvL1Djx2+kw7ziu7g==",
        "dependencies": {
          "Humanizer.Core": "[2.14.1]"
        }
      },
      "Humanizer.Core.tr": {
        "type": "Transitive",
        "resolved": "2.14.1",
        "contentHash": "rQ8N+o7yFcFqdbtu1mmbrXFi8TQ+uy+fVH9OPI0CI3Cu1om5hUU/GOMC3hXsTCI6d79y4XX+0HbnD7FT5khegA==",
        "dependencies": {
          "Humanizer.Core": "[2.14.1]"
        }
      },
      "Humanizer.Core.uk": {
        "type": "Transitive",
        "resolved": "2.14.1",
        "contentHash": "2uEfujwXKNm6bdpukaLtEJD+04uUtQD65nSGCetA1fYNizItEaIBUboNfr3GzJxSMQotNwGVM3+nSn8jTd0VSg==",
        "dependencies": {
          "Humanizer.Core": "[2.14.1]"
        }
      },
      "Humanizer.Core.uz-Cyrl-UZ": {
        "type": "Transitive",
        "resolved": "2.14.1",
        "contentHash": "TD3ME2sprAvFqk9tkWrvSKx5XxEMlAn1sjk+cYClSWZlIMhQQ2Bp/w0VjX1Kc5oeKjxRAnR7vFcLUFLiZIDk9Q==",
        "dependencies": {
          "Humanizer.Core": "[2.14.1]"
        }
      },
      "Humanizer.Core.uz-Latn-UZ": {
        "type": "Transitive",
        "resolved": "2.14.1",
        "contentHash": "/kHAoF4g0GahnugZiEMpaHlxb+W6jCEbWIdsq9/I1k48ULOsl/J0pxZj93lXC3omGzVF1BTVIeAtv5fW06Phsg==",
        "dependencies": {
          "Humanizer.Core": "[2.14.1]"
        }
      },
      "Humanizer.Core.vi": {
        "type": "Transitive",
        "resolved": "2.14.1",
        "contentHash": "rsQNh9rmHMBtnsUUlJbShMsIMGflZtPmrMM6JNDw20nhsvqfrdcoDD8cMnLAbuSovtc3dP+swRmLQzKmXDTVPA==",
        "dependencies": {
          "Humanizer.Core": "[2.14.1]"
        }
      },
      "Humanizer.Core.zh-CN": {
        "type": "Transitive",
        "resolved": "2.14.1",
        "contentHash": "uH2dWhrgugkCjDmduLdAFO9w1Mo0q07EuvM0QiIZCVm6FMCu/lGv2fpMu4GX+4HLZ6h5T2Pg9FIdDLCPN2a67w==",
        "dependencies": {
          "Humanizer.Core": "[2.14.1]"
        }
      },
      "Humanizer.Core.zh-Hans": {
        "type": "Transitive",
        "resolved": "2.14.1",
        "contentHash": "WH6IhJ8V1UBG7rZXQk3dZUoP2gsi8a0WkL8xL0sN6WGiv695s8nVcmab9tWz20ySQbuzp0UkSxUQFi5jJHIpOQ==",
        "dependencies": {
          "Humanizer.Core": "[2.14.1]"
        }
      },
      "Humanizer.Core.zh-Hant": {
        "type": "Transitive",
        "resolved": "2.14.1",
        "contentHash": "VIXB7HCUC34OoaGnO3HJVtSv2/wljPhjV7eKH4+TFPgQdJj2lvHNKY41Dtg0Bphu7X5UaXFR4zrYYyo+GNOjbA==",
        "dependencies": {
          "Humanizer.Core": "[2.14.1]"
        }
      },
      "MassTransit": {
        "type": "Transitive",
        "resolved": "8.3.6",
        "contentHash": "iQQ02dUJuWlpNai3eDN7WmnstvmB2LAD8YN1i8OFT5BaNpGYYg3v0US3S6f1Zz7us+NnGHm6csg25Ak3z0H7Xg==",
        "dependencies": {
          "MassTransit.Abstractions": "8.3.6",
          "Microsoft.Extensions.DependencyInjection.Abstractions": "9.0.0",
          "Microsoft.Extensions.Diagnostics.HealthChecks": "9.0.0",
          "Microsoft.Extensions.Hosting.Abstractions": "9.0.0",
          "Microsoft.Extensions.Logging.Abstractions": "9.0.0",
          "Microsoft.Extensions.Options": "9.0.0"
        }
      },
      "MassTransit.Abstractions": {
        "type": "Transitive",
        "resolved": "8.3.6",
        "contentHash": "F3R3EFPvUvpsiebnijmpvZ4IhSEcqkEJdrhlFuTOjzIUnMRYBgki/oDfFWj57Ki4b9yq0nilt4Q5bk11pC4ygg=="
      },
      "MediatR": {
        "type": "Transitive",
        "resolved": "14.0.0",
        "contentHash": "r5fwUO6NBvOFKaiMRx/gRrD1MEHHOio5yEdzSLs2OMeD2e9ZKnZaBQM6A6vVBEWJF4VY41vplXmDMOY1YvpqNA==",
        "dependencies": {
          "MediatR.Contracts": "[2.0.1, 3.0.0)",
          "Microsoft.Extensions.DependencyInjection.Abstractions": "10.0.0",
          "Microsoft.Extensions.Logging.Abstractions": "10.0.0",
          "Microsoft.IdentityModel.JsonWebTokens": "8.14.0"
        }
      },
      "MediatR.Contracts": {
        "type": "Transitive",
        "resolved": "2.0.1",
        "contentHash": "FYv95bNT4UwcNA+G/J1oX5OpRiSUxteXaUt2BJbRSdRNiIUNbggJF69wy6mnk2wYToaanpdXZdCwVylt96MpwQ=="
      },
      "Microsoft.AspNetCore.Http.Features": {
        "type": "Transitive",
        "resolved": "2.3.0",
        "contentHash": "f10WUgcsKqrkmnz6gt8HeZ7kyKjYN30PO7cSic1lPtH7paPtnQqXPOveul/SIPI43PhRD4trttg4ywnrEmmJpA==",
        "dependencies": {
          "Microsoft.Extensions.Primitives": "8.0.0"
        }
      },
      "Microsoft.Bcl.AsyncInterfaces": {
        "type": "Transitive",
        "resolved": "8.0.0",
        "contentHash": "3WA9q9yVqJp222P3x1wYIGDAkpjAku0TMUaaQV22g6L67AI0LdOIrVS7Ht2vJfLHGSPVuqN94vIr15qn+HEkHw=="
      },
      "Microsoft.Bcl.Cryptography": {
        "type": "Transitive",
        "resolved": "9.0.4",
        "contentHash": "YgZYAWzyNuPVtPq6WNm0bqOWNjYaWgl5mBWTGZyNoXitYBUYSp6iUB9AwK0V1mo793qRJUXz2t6UZrWITZSvuQ=="
      },
      "Microsoft.Data.SqlClient": {
        "type": "Transitive",
        "resolved": "6.1.3",
        "contentHash": "ys/z8Tx8074CDU20EilNvBRJuJdwKSthpHkzUpt3JghnjB6GjbZusoOcCtNbhPCCWsEJqN8bxaT7HnS3UZuUDQ==",
        "dependencies": {
          "Azure.Core": "1.47.1",
          "Azure.Identity": "1.14.2",
          "Microsoft.Bcl.Cryptography": "9.0.4",
          "Microsoft.Data.SqlClient.SNI.runtime": "6.0.2",
          "Microsoft.Extensions.Caching.Memory": "9.0.4",
          "Microsoft.IdentityModel.JsonWebTokens": "7.7.1",
          "Microsoft.IdentityModel.Protocols.OpenIdConnect": "7.7.1",
          "Microsoft.SqlServer.Server": "1.0.0",
          "System.Configuration.ConfigurationManager": "9.0.4",
          "System.Security.Cryptography.Pkcs": "9.0.4"
        }
      },
      "Microsoft.Data.SqlClient.SNI.runtime": {
        "type": "Transitive",
        "resolved": "6.0.2",
        "contentHash": "f+pRODTWX7Y67jXO3T5S2dIPZ9qMJNySjlZT/TKmWVNWe19N8jcWmHaqHnnchaq3gxEKv1SWVY5EFzOD06l41w=="
      },
      "Microsoft.EntityFrameworkCore": {
        "type": "Transitive",
        "resolved": "10.0.1",
        "contentHash": "QsXvZ8G7Dl7x09rlq0b2dye7QqfReMq8yGdl7Mffi3Ip+aTa+JUMixBZ4lhCs9Ygjz2e9tiUACstxI+ADkwaFg==",
        "dependencies": {
          "Microsoft.EntityFrameworkCore.Abstractions": "10.0.1",
          "Microsoft.EntityFrameworkCore.Analyzers": "10.0.1",
          "Microsoft.Extensions.Caching.Memory": "10.0.1",
          "Microsoft.Extensions.Logging": "10.0.1"
        }
      },
      "Microsoft.EntityFrameworkCore.Abstractions": {
        "type": "Transitive",
        "resolved": "10.0.1",
        "contentHash": "sp6Uq8Oc3RVGtmxLS3ZgzVeFHrpLNymsMudoeqRmB9pRTWgvq2S903sF5OnaaZmh4Bz6kpq7FwofE+DOhKJYvg=="
      },
      "Microsoft.EntityFrameworkCore.Analyzers": {
        "type": "Transitive",
        "resolved": "10.0.1",
        "contentHash": "Ug2lxkiz1bpnxQF/xdswLl5EBA6sAG2ig5nMjmtpQZO0C88ZnvUkbpH2vQq+8ultIRmvp5Ec2jndLGRMPjW0Ew=="
      },
      "Microsoft.EntityFrameworkCore.Relational": {
        "type": "Transitive",
        "resolved": "10.0.0",
        "contentHash": "A3MX1ee7RDxWCUdx/KqP+74fbksz0UIhkVZh56YHvbPkEKsffCXgHU3LGkRDwqR/MrBNWLCWC/IVX79tzM30ZA==",
        "dependencies": {
          "Microsoft.EntityFrameworkCore": "10.0.0",
          "Microsoft.Extensions.Caching.Memory": "10.0.0",
          "Microsoft.Extensions.Configuration.Abstractions": "10.0.0",
          "Microsoft.Extensions.Logging": "10.0.0"
        }
      },
      "Microsoft.Extensions.Caching.Abstractions": {
        "type": "Transitive",
        "resolved": "10.0.1",
        "contentHash": "Vb1vVAQDxHpXVdL9fpOX2BzeV7bbhzG4pAcIKRauRl0/VfkE8mq0f+fYC+gWICh3dlzTZInJ/cTeBS2MgU/XvQ==",
        "dependencies": {
          "Microsoft.Extensions.Primitives": "10.0.1"
        }
      },
      "Microsoft.Extensions.Caching.Memory": {
        "type": "Transitive",
        "resolved": "10.0.1",
        "contentHash": "NxqSP0Ky4dZ5ybszdZCqs1X2C70s+dXflqhYBUh/vhcQVTIooNCXIYnLVbafoAFGZMs51d9+rHxveXs0ZC3SQQ==",
        "dependencies": {
          "Microsoft.Extensions.Caching.Abstractions": "10.0.1",
          "Microsoft.Extensions.DependencyInjection.Abstractions": "10.0.1",
          "Microsoft.Extensions.Logging.Abstractions": "10.0.1",
          "Microsoft.Extensions.Options": "10.0.1",
          "Microsoft.Extensions.Primitives": "10.0.1"
        }
      },
      "Microsoft.Extensions.Configuration": {
        "type": "Transitive",
        "resolved": "10.0.1",
        "contentHash": "njoRekyMIK+smav8B6KL2YgIfUtlsRNuT7wvurpLW+m/hoRKVnoELk2YxnUnWRGScCd1rukLMxShwLqEOKowDg==",
        "dependencies": {
          "Microsoft.Extensions.Configuration.Abstractions": "10.0.1",
          "Microsoft.Extensions.Primitives": "10.0.1"
        }
      },
      "Microsoft.Extensions.Configuration.Abstractions": {
        "type": "Transitive",
        "resolved": "10.0.1",
        "contentHash": "kPlU11hql+L9RjrN2N9/0GcRcRcZrNFlLLjadasFWeBORT6pL6OE+RYRk90GGCyVGSxTK+e1/f3dsMj5zpFFiQ==",
        "dependencies": {
          "Microsoft.Extensions.Primitives": "10.0.1"
        }
      },
      "Microsoft.Extensions.Configuration.Binder": {
        "type": "Transitive",
        "resolved": "10.0.1",
        "contentHash": "Lp4CZIuTVXtlvkAnTq6QvMSW7+H62gX2cU2vdFxHQUxvrWTpi7LwYI3X+YAyIS0r12/p7gaosco7efIxL4yFNw==",
        "dependencies": {
          "Microsoft.Extensions.Configuration": "10.0.1",
          "Microsoft.Extensions.Configuration.Abstractions": "10.0.1"
        }
      },
      "Microsoft.Extensions.DependencyInjection": {
        "type": "Transitive",
        "resolved": "10.0.1",
        "contentHash": "zerXV0GAR9LCSXoSIApbWn+Dq1/T+6vbXMHGduq1LoVQRHT0BXsGQEau0jeLUBUcsoF/NaUT8ADPu8b+eNcIyg==",
        "dependencies": {
          "Microsoft.Extensions.DependencyInjection.Abstractions": "10.0.1"
        }
      },
      "Microsoft.Extensions.DependencyInjection.Abstractions": {
        "type": "Transitive",
        "resolved": "10.0.1",
        "contentHash": "oIy8fQxxbUsSrrOvgBqlVgOeCtDmrcynnTG+FQufcUWBrwyPfwlUkCDB2vaiBeYPyT+20u9/HeuHeBf+H4F/8g=="
      },
      "Microsoft.Extensions.DependencyModel": {
        "type": "Transitive",
        "resolved": "9.0.0",
        "contentHash": "saxr2XzwgDU77LaQfYFXmddEDRUKHF4DaGMZkNB3qjdVSZlax3//dGJagJkKrGMIPNZs2jVFXITyCCR6UHJNdA=="
      },
      "Microsoft.Extensions.Diagnostics.Abstractions": {
        "type": "Transitive",
        "resolved": "10.0.1",
        "contentHash": "QMoMrkNpnQym5mpfdxfxpRDuqLpsOuztguFvzH9p+Ex+do+uLFoi7UkAsBO4e9/tNR3eMFraFf2fOAi2cp3jjA==",
        "dependencies": {
          "Microsoft.Extensions.DependencyInjection.Abstractions": "10.0.1",
          "Microsoft.Extensions.Options": "10.0.1"
        }
      },
      "Microsoft.Extensions.Diagnostics.HealthChecks": {
        "type": "Transitive",
        "resolved": "9.0.0",
        "contentHash": "cxsK9/Dx7Ka9sfiA1nY8XlSzIaWff5FNRw0+ls8yR+aGzmnah5JGKsTHgQrehjMwGAVud/pjiUZ9MWizfUSkTQ==",
        "dependencies": {
          "Microsoft.Extensions.Diagnostics.HealthChecks.Abstractions": "9.0.0",
          "Microsoft.Extensions.Hosting.Abstractions": "9.0.0",
          "Microsoft.Extensions.Logging.Abstractions": "9.0.0",
          "Microsoft.Extensions.Options": "9.0.0"
        }
      },
      "Microsoft.Extensions.Diagnostics.HealthChecks.Abstractions": {
        "type": "Transitive",
        "resolved": "9.0.0",
        "contentHash": "H1IbHm/MnUgEV0N07WrkPBIIoX7isP6IPaqUdZ3CwbMcUVDGIu+okamW28kyDRfIiZqbTbyHuNIkr4ZSHPyvDw=="
      },
      "Microsoft.Extensions.FileProviders.Abstractions": {
        "type": "Transitive",
        "resolved": "10.0.1",
        "contentHash": "+b3DligYSZuoWltU5YdbMpIEUHNZPgPrzWfNiIuDkMdqOl93UxYB5KzS3lgpRfTXJhTNpo/CZ8w/sTkDTPDdxQ==",
        "dependencies": {
          "Microsoft.Extensions.Primitives": "10.0.1"
        }
      },
      "Microsoft.Extensions.Hosting.Abstractions": {
        "type": "Transitive",
        "resolved": "10.0.1",
        "contentHash": "qmoQkVZcbm4/gFpted3W3Y+1kTATZTcUhV3mRkbtpfBXlxWCHwh/2oMffVcCruaGOfJuEnyAsGyaSUouSdECOw==",
        "dependencies": {
          "Microsoft.Extensions.Configuration.Abstractions": "10.0.1",
          "Microsoft.Extensions.DependencyInjection.Abstractions": "10.0.1",
          "Microsoft.Extensions.Diagnostics.Abstractions": "10.0.1",
          "Microsoft.Extensions.FileProviders.Abstractions": "10.0.1",
          "Microsoft.Extensions.Logging.Abstractions": "10.0.1"
        }
      },
      "Microsoft.Extensions.Logging": {
        "type": "Transitive",
        "resolved": "10.0.1",
        "contentHash": "9ItMpMLFZFJFqCuHLLbR3LiA4ahA8dMtYuXpXl2YamSDWZhYS9BruPprkftY0tYi2bQ0slNrixdFm+4kpz1g5w==",
        "dependencies": {
          "Microsoft.Extensions.DependencyInjection": "10.0.1",
          "Microsoft.Extensions.Logging.Abstractions": "10.0.1",
          "Microsoft.Extensions.Options": "10.0.1"
        }
      },
      "Microsoft.Extensions.Logging.Abstractions": {
        "type": "Transitive",
        "resolved": "10.0.1",
        "contentHash": "YkmyiPIWAXVb+lPIrM0LE5bbtLOJkCiRTFiHpkVOvhI7uTvCfoOHLEN0LcsY56GpSD7NqX3gJNpsaDe87/B3zg==",
        "dependencies": {
          "Microsoft.Extensions.DependencyInjection.Abstractions": "10.0.1"
        }
      },
      "Microsoft.Extensions.Options": {
        "type": "Transitive",
        "resolved": "10.0.1",
        "contentHash": "G6VVwywpJI4XIobetGHwg7wDOYC2L2XBYdtskxLaKF/Ynb5QBwLl7Q//wxAR2aVCLkMpoQrjSP9VoORkyddsNQ==",
        "dependencies": {
          "Microsoft.Extensions.DependencyInjection.Abstractions": "10.0.1",
          "Microsoft.Extensions.Primitives": "10.0.1"
        }
      },
      "Microsoft.Extensions.Options.ConfigurationExtensions": {
        "type": "Transitive",
        "resolved": "10.0.1",
        "contentHash": "pL78/Im7O3WmxHzlKUsWTYchKL881udU7E26gCD3T0+/tPhWVfjPwMzfN/MRKU7aoFYcOiqcG2k1QTlH5woWow==",
        "dependencies": {
          "Microsoft.Extensions.Configuration.Abstractions": "10.0.1",
          "Microsoft.Extensions.Configuration.Binder": "10.0.1",
          "Microsoft.Extensions.DependencyInjection.Abstractions": "10.0.1",
          "Microsoft.Extensions.Options": "10.0.1",
          "Microsoft.Extensions.Primitives": "10.0.1"
        }
      },
      "Microsoft.Extensions.Primitives": {
        "type": "Transitive",
        "resolved": "10.0.1",
        "contentHash": "DO8XrJkp5x4PddDuc/CH37yDBCs9BYN6ijlKyR3vMb55BP1Vwh90vOX8bNfnKxr5B2qEI3D8bvbY1fFbDveDHQ=="
      },
      "Microsoft.Identity.Client": {
        "type": "Transitive",
        "resolved": "4.73.1",
        "contentHash": "NnDLS8QwYqO5ZZecL2oioi1LUqjh5Ewk4bMLzbgiXJbQmZhDLtKwLxL3DpGMlQAJ2G4KgEnvGPKa+OOgffeJbw==",
        "dependencies": {
          "Microsoft.IdentityModel.Abstractions": "6.35.0"
        }
      },
      "Microsoft.Identity.Client.Extensions.Msal": {
        "type": "Transitive",
        "resolved": "4.73.1",
        "contentHash": "xDztAiV2F0wI0W8FLKv5cbaBefyLD6JVaAsvgSN7bjWNCzGYzHbcOEIP5s4TJXUpQzMfUyBsFl1mC6Zmgpz0PQ==",
        "dependencies": {
          "Microsoft.Identity.Client": "4.73.1",
          "System.Security.Cryptography.ProtectedData": "4.5.0"
        }
      },
      "Microsoft.IdentityModel.Abstractions": {
        "type": "Transitive",
        "resolved": "8.14.0",
        "contentHash": "iwbCpSjD3ehfTwBhtSNEtKPK0ICun6ov7Ibx6ISNA9bfwIyzI2Siwyi9eJFCJBwxowK9xcA1mj+jBWiigeqgcQ=="
      },
      "Microsoft.IdentityModel.JsonWebTokens": {
        "type": "Transitive",
        "resolved": "8.14.0",
        "contentHash": "4jOpiA4THdtpLyMdAb24dtj7+6GmvhOhxf5XHLYWmPKF8ApEnApal1UnJsKO4HxUWRXDA6C4WQVfYyqsRhpNpQ==",
        "dependencies": {
          "Microsoft.IdentityModel.Tokens": "8.14.0"
        }
      },
      "Microsoft.IdentityModel.Logging": {
        "type": "Transitive",
        "resolved": "8.14.0",
        "contentHash": "eqqnemdW38CKZEHS6diA50BV94QICozDZEvSrsvN3SJXUFwVB9gy+/oz76gldP7nZliA16IglXjXTCTdmU/Ejg==",
        "dependencies": {
          "Microsoft.IdentityModel.Abstractions": "8.14.0"
        }
      },
      "Microsoft.IdentityModel.Protocols": {
        "type": "Transitive",
        "resolved": "8.0.1",
        "contentHash": "uA2vpKqU3I2mBBEaeJAWPTjT9v1TZrGWKdgK6G5qJd03CLx83kdiqO9cmiK8/n1erkHzFBwU/RphP83aAe3i3g==",
        "dependencies": {
          "Microsoft.IdentityModel.Tokens": "8.0.1"
        }
      },
      "Microsoft.IdentityModel.Protocols.OpenIdConnect": {
        "type": "Transitive",
        "resolved": "8.0.1",
        "contentHash": "AQDbfpL+yzuuGhO/mQhKNsp44pm5Jv8/BI4KiFXR7beVGZoSH35zMV3PrmcfvSTsyI6qrcR898NzUauD6SRigg==",
        "dependencies": {
          "Microsoft.IdentityModel.Protocols": "8.0.1",
          "System.IdentityModel.Tokens.Jwt": "8.0.1"
        }
      },
      "Microsoft.IdentityModel.Tokens": {
        "type": "Transitive",
        "resolved": "8.14.0",
        "contentHash": "lKIZiBiGd36k02TCdMHp1KlNWisyIvQxcYJvIkz7P4gSQ9zi8dgh6S5Grj8NNG7HWYIPfQymGyoZ6JB5d1Lo1g==",
        "dependencies": {
          "Microsoft.Extensions.Logging.Abstractions": "8.0.0",
          "Microsoft.IdentityModel.Logging": "8.14.0"
        }
      },
      "Microsoft.OpenApi": {
        "type": "Transitive",
        "resolved": "1.6.22",
        "contentHash": "aBvunmrdu/x+4CaA/UP1Jx4xWGwk4kymhoIRnn2Vp+zi5/KOPQJ9EkSXHRUr01WcGKtYl3Au7XfkPJbU1G2sjQ=="
      },
      "Microsoft.SqlServer.Server": {
        "type": "Transitive",
        "resolved": "1.0.0",
        "contentHash": "N4KeF3cpcm1PUHym1RmakkzfkEv3GRMyofVv40uXsQhCQeglr2OHNcUk2WOG51AKpGO8ynGpo9M/kFXSzghwug=="
      },
      "Npgsql": {
        "type": "Transitive",
        "resolved": "10.0.0",
        "contentHash": "xZAYhPOU2rUIFpV48xsqhCx9vXs6Y+0jX2LCoSEfDFYMw9jtAOUk3iQsCnDLrFIv9NT3JGMihn7nnuZsPKqJmA==",
        "dependencies": {
          "Microsoft.Extensions.Logging.Abstractions": "10.0.0"
        }
      },
      "Npgsql.EntityFrameworkCore.PostgreSQL": {
        "type": "Transitive",
        "resolved": "10.0.0",
        "contentHash": "E2+uSWxSB8LdsUVwPaqRWOcGOP92biry2JEwc0KJMdLJF+aZdczeIdEXVwEyv4nSVMQJH0o8tLhyAMiR6VF0lw==",
        "dependencies": {
          "Microsoft.EntityFrameworkCore": "[10.0.0, 11.0.0)",
          "Microsoft.EntityFrameworkCore.Relational": "[10.0.0, 11.0.0)",
          "Npgsql": "10.0.0"
        }
      },
      "Polly": {
        "type": "Transitive",
        "resolved": "8.6.5",
        "contentHash": "VqtW2ZE/ALvQMAH1cQY3qZ2cF2OXa3oe/HKMdOv6Q02HCoEW0rsFNfcBONXlHBe1TnjWW1vdRxBEkPeq0/2FHA==",
        "dependencies": {
          "Polly.Core": "8.6.5"
        }
      },
      "Polly.Core": {
        "type": "Transitive",
        "resolved": "8.6.5",
        "contentHash": "t+sUVrIwvo7UmsgHGgOG9F0GDZSRIm47u2ylH17Gvcv1q5hNEwgD5GoBlFyc0kh/pebmPyrAgvGsR/65ZBaXlg=="
      },
      "Polly.Extensions": {
        "type": "Transitive",
        "resolved": "8.6.5",
        "contentHash": "Ui+qN9zCgcy0/YEthA0wVm1mrDQe7+ud82Vz5wedbk22t17t6G+6nm/Q3GYxyCyTl5UFVoO2MbfmDv7a0K6Zww==",
        "dependencies": {
          "Microsoft.Extensions.Logging.Abstractions": "8.0.0",
          "Microsoft.Extensions.Options": "8.0.0",
          "Polly.Core": "8.6.5"
        }
      },
      "RabbitMQ.Client": {
        "type": "Transitive",
        "resolved": "7.0.0",
        "contentHash": "8YJz22mOSMtkbIVuVSz2HbJwbpKwRoXQ1uqbczDUt1w1Ds8dxFs6dkV/oZ8AlTmkErZjtQelHv+oBu52ud00WA==",
        "dependencies": {
          "System.Threading.RateLimiting": "8.0.0"
        }
      },
      "Refit": {
        "type": "Transitive",
        "resolved": "8.0.0",
        "contentHash": "gXRmIy3Va0mwwr8usnqVRQFoFIJaJGlWTTXBlwxIkHB/xwXnq1Ybs1YNA2BM1O4G46JLLlGjg6YOwrTZusuY3Q=="
      },
      "Serilog": {
        "type": "Transitive",
        "resolved": "4.2.0",
        "contentHash": "gmoWVOvKgbME8TYR+gwMf7osROiWAURterc6Rt2dQyX7wtjZYpqFiA/pY6ztjGQKKV62GGCyOcmtP1UKMHgSmA=="
      },
      "Serilog.Expressions": {
        "type": "Transitive",
        "resolved": "5.0.0",
        "contentHash": "QhZjXtUcA2QfQRA60m+DfyIfidKsQV7HBstbYEDqzJKMbJH/KnKthkkjciRuYrmFE+scWv1JibC5LlXrdtOUmw==",
        "dependencies": {
          "Serilog": "4.0.0"
        }
      },
      "Serilog.Extensions.Hosting": {
        "type": "Transitive",
        "resolved": "9.0.0",
        "contentHash": "u2TRxuxbjvTAldQn7uaAwePkWxTHIqlgjelekBtilAGL5sYyF3+65NWctN4UrwwGLsDC7c3Vz3HnOlu+PcoxXg==",
        "dependencies": {
          "Microsoft.Extensions.DependencyInjection.Abstractions": "9.0.0",
          "Microsoft.Extensions.Hosting.Abstractions": "9.0.0",
          "Microsoft.Extensions.Logging.Abstractions": "9.0.0",
          "Serilog": "4.2.0",
          "Serilog.Extensions.Logging": "9.0.0"
        }
      },
      "Serilog.Extensions.Logging": {
        "type": "Transitive",
        "resolved": "9.0.0",
        "contentHash": "NwSSYqPJeKNzl5AuXVHpGbr6PkZJFlNa14CdIebVjK3k/76kYj/mz5kiTRNVSsSaxM8kAIa1kpy/qyT9E4npRQ==",
        "dependencies": {
          "Microsoft.Extensions.Logging": "9.0.0",
          "Serilog": "4.2.0"
        }
      },
      "Serilog.Formatting.Compact": {
        "type": "Transitive",
        "resolved": "3.0.0",
        "contentHash": "wQsv14w9cqlfB5FX2MZpNsTawckN4a8dryuNGbebB/3Nh1pXnROHZov3swtu3Nj5oNG7Ba+xdu7Et/ulAUPanQ==",
        "dependencies": {
          "Serilog": "4.0.0"
        }
      },
      "Serilog.Settings.Configuration": {
        "type": "Transitive",
        "resolved": "9.0.0",
        "contentHash": "4/Et4Cqwa+F88l5SeFeNZ4c4Z6dEAIKbu3MaQb2Zz9F/g27T5a3wvfMcmCOaAiACjfUb4A6wrlTVfyYUZk3RRQ==",
        "dependencies": {
          "Microsoft.Extensions.Configuration.Binder": "9.0.0",
          "Microsoft.Extensions.DependencyModel": "9.0.0",
          "Serilog": "4.2.0"
        }
      },
      "Serilog.Sinks.Console": {
        "type": "Transitive",
        "resolved": "6.0.0",
        "contentHash": "fQGWqVMClCP2yEyTXPIinSr5c+CBGUvBybPxjAGcf7ctDhadFhrQw03Mv8rJ07/wR5PDfFjewf2LimvXCDzpbA==",
        "dependencies": {
          "Serilog": "4.0.0"
        }
      },
      "Serilog.Sinks.Debug": {
        "type": "Transitive",
        "resolved": "3.0.0",
        "contentHash": "4BzXcdrgRX7wde9PmHuYd9U6YqycCC28hhpKonK7hx0wb19eiuRj16fPcPSVp0o/Y1ipJuNLYQ00R3q2Zs8FDA==",
        "dependencies": {
          "Serilog": "4.0.0"
        }
      },
      "Serilog.Sinks.File": {
        "type": "Transitive",
        "resolved": "6.0.0",
        "contentHash": "lxjg89Y8gJMmFxVkbZ+qDgjl+T4yC5F7WSLTvA+5q0R04tfKVLRL/EHpYoJ/MEQd2EeCKDuylBIVnAYMotmh2A==",
        "dependencies": {
          "Serilog": "4.0.0"
        }
      },
      "Serilog.Sinks.PeriodicBatching": {
        "type": "Transitive",
        "resolved": "5.0.0",
        "contentHash": "k57sDVgYitVdA5h9XSvy8lSlEts1ZzqlApHINUNV5WIuvnt6Z18LNynUQI6JYioKdqbUhkY6+KP844w7/awcOw==",
        "dependencies": {
          "Serilog": "4.0.0"
        }
      },
      "System.ClientModel": {
        "type": "Transitive",
        "resolved": "1.5.1",
        "contentHash": "k2jKSO0X45IqhVOT9iQB4xralNN9foRQsRvXBTyRpAVxyzCJlG895T9qYrQWbcJ6OQXxOouJQ37x5nZH5XKK+A==",
        "dependencies": {
          "Microsoft.Extensions.Logging.Abstractions": "8.0.3",
          "System.Memory.Data": "8.0.1"
        }
      },
      "System.Configuration.ConfigurationManager": {
        "type": "Transitive",
        "resolved": "9.0.4",
        "contentHash": "dvjqKp+2LpGid6phzrdrS/2mmEPxFl3jE1+L7614q4ZChKbLJCpHXg6sBILlCCED1t//EE+un/UdAetzIMpqnw==",
        "dependencies": {
          "System.Diagnostics.EventLog": "9.0.4",
          "System.Security.Cryptography.ProtectedData": "9.0.4"
        }
      },
      "System.Diagnostics.EventLog": {
        "type": "Transitive",
        "resolved": "9.0.4",
        "contentHash": "getRQEXD8idlpb1KW56XuxImMy0FKp2WJPDf3Qr0kI/QKxxJSftqfDFVo0DZ3HCJRLU73qHSruv5q2l5O47jQQ=="
      },
      "System.IdentityModel.Tokens.Jwt": {
        "type": "Transitive",
        "resolved": "8.0.1",
        "contentHash": "GJw3bYkWpOgvN3tJo5X4lYUeIFA2HD293FPUhKmp7qxS+g5ywAb34Dnd3cDAFLkcMohy5XTpoaZ4uAHuw0uSPQ==",
        "dependencies": {
          "Microsoft.IdentityModel.JsonWebTokens": "8.0.1",
          "Microsoft.IdentityModel.Tokens": "8.0.1"
        }
      },
      "System.Memory.Data": {
        "type": "Transitive",
        "resolved": "8.0.1",
        "contentHash": "BVYuec3jV23EMRDeR7Dr1/qhx7369dZzJ9IWy2xylvb4YfXsrUxspWc4UWYid/tj4zZK58uGZqn2WQiaDMhmAg=="
      },
      "System.Security.Cryptography.Pkcs": {
        "type": "Transitive",
        "resolved": "9.0.4",
        "contentHash": "cUFTcMlz/Qw9s90b2wnWSCvHdjv51Bau9FQqhsr4TlwSe1OX+7SoXUqphis5G74MLOvMOCghxPPlEqOdCrVVGA=="
      },
      "System.Security.Cryptography.ProtectedData": {
        "type": "Transitive",
        "resolved": "9.0.4",
        "contentHash": "o94k2RKuAce3GeDMlUvIXlhVa1kWpJw95E6C9LwW0KlG0nj5+SgCiIxJ2Eroqb9sLtG1mEMbFttZIBZ13EJPvQ=="
      },
      "System.Threading.RateLimiting": {
        "type": "Transitive",
        "resolved": "8.0.0",
        "contentHash": "7mu9v0QDv66ar3DpGSZHg9NuNcxDaaAcnMULuZlaTpP9+hwXhrxNGsF5GmLkSHxFdb5bBc1TzeujsRgTrPWi+Q=="
      },
      "offndat.application": {
        "type": "Project",
        "dependencies": {
          "FluentValidation": "[12.1.1, )",
          "FluentValidation.AspNetCore": "[11.3.1, )",
          "FluentValidation.DependencyInjectionExtensions": "[12.1.1, )",
          "Microsoft.Data.SqlClient": "[6.1.3, )",
          "Microsoft.EntityFrameworkCore": "[10.0.1, )",
          "OffndAt.Contracts": "[1.0.0, )",
          "OffndAt.Domain": "[1.0.0, )",
          "Polly": "[8.6.5, )",
          "Polly.Extensions": "[8.6.5, )"
        }
      },
      "offndat.contracts": {
        "type": "Project"
      },
      "offndat.domain": {
        "type": "Project",
        "dependencies": {
          "MediatR": "[14.0.0, )"
        }
      },
      "offndat.persistence": {
        "type": "Project",
        "dependencies": {
          "MassTransit.EntityFrameworkCore": "[8.5.7, )",
          "Microsoft.AspNetCore.Http.Abstractions": "[2.3.0, )",
          "Microsoft.EntityFrameworkCore": "[10.0.1, )",
          "Microsoft.EntityFrameworkCore.Abstractions": "[10.0.1, )",
          "Microsoft.Extensions.Hosting.Abstractions": "[10.0.1, )",
          "Microsoft.Extensions.Options.ConfigurationExtensions": "[10.0.1, )",
          "Npgsql.EntityFrameworkCore.PostgreSQL": "[10.0.0, )",
          "OffndAt.Application": "[1.0.0, )"
        }
      }
    }
  }
}