
Microsoft Visual Studio Solution File, Format Version 12.00
Project("{FAE04EC0-301F-11D3-BF4B-00C04F79EFBC}") = "OffndAt.Services.Api", "OffndAt.Services.Api\OffndAt.Services.Api.csproj", "{5FC4B8E6-42CC-484E-ABBD-9045E837C5BA}"
EndProject
Project("{2150E333-8FDC-42A3-9474-1A3956D46DE8}") = "Api", "Api", "{8B961A01-8513-4C9D-8DC6-413C03E9967D}"
EndProject
Project("{2150E333-8FDC-42A3-9474-1A3956D46DE8}") = "Tests", "Tests", "{E6609080-CFDF-44E9-AFA9-F2C8C2AE6271}"
EndProject
Project("{2150E333-8FDC-42A3-9474-1A3956D46DE8}") = "Core", "Core", "{83E2AF05-E460-4E7B-B7D6-82727DF89DD3}"
EndProject
Project("{FAE04EC0-301F-11D3-BF4B-00C04F79EFBC}") = "OffndAt.Domain", "OffndAt.Domain\OffndAt.Domain.csproj", "{016A8A04-04AC-4A71-9015-6919B965B9F5}"
EndProject
Project("{FAE04EC0-301F-11D3-BF4B-00C04F79EFBC}") = "OffndAt.Application", "OffndAt.Application\OffndAt.Application.csproj", "{CF952240-BB01-4D28-8DEF-617014615B8A}"
EndProject
Project("{FAE04EC0-301F-11D3-BF4B-00C04F79EFBC}") = "OffndAt.Infrastructure", "OffndAt.Infrastructure\OffndAt.Infrastructure.csproj", "{1FA2915A-1FE3-4903-984E-7966FDCA78DC}"
EndProject
Project("{FAE04EC0-301F-11D3-BF4B-00C04F79EFBC}") = "OffndAt.Contracts", "OffndAt.Contracts\OffndAt.Contracts.csproj", "{D226FC6E-B5C6-4CCA-96FE-557952D57F8A}"
EndProject
Project("{FAE04EC0-301F-11D3-BF4B-00C04F79EFBC}") = "OffndAt.Persistence", "OffndAt.Persistence\OffndAt.Persistence.csproj", "{D5DD0207-A9E7-4742-AA1E-88D213A21D79}"
EndProject
Project("{FAE04EC0-301F-11D3-BF4B-00C04F79EFBC}") = "OffndAt.Application.UnitTests", "OffndAt.Application.UnitTests\OffndAt.Application.UnitTests.csproj", "{A8D5D85A-B58A-4838-B686-0FA44C14D467}"
EndProject
Project("{FAE04EC0-301F-11D3-BF4B-00C04F79EFBC}") = "OffndAt.Infrastructure.UnitTests", "OffndAt.Infrastructure.UnitTests\OffndAt.Infrastructure.UnitTests.csproj", "{D0140EF7-48BB-4312-9FD4-6F52188B1B04}"
EndProject
Project("{FAE04EC0-301F-11D3-BF4B-00C04F79EFBC}") = "OffndAt.Persistence.IntegrationTests", "OffndAt.Persistence.IntegrationTests\OffndAt.Persistence.IntegrationTests.csproj", "{47E4B570-2D07-44CC-B716-27BD6183DB2A}"
EndProject
Project("{FAE04EC0-301F-11D3-BF4B-00C04F79EFBC}") = "OffndAt.Domain.UnitTests", "OffndAt.Domain.UnitTests\OffndAt.Domain.UnitTests.csproj", "{F58CD9FC-8147-454A-B305-C51C5655B0AC}"
EndProject
Global
	GlobalSection(SolutionConfigurationPlatforms) = preSolution
		Debug|Any CPU = Debug|Any CPU
		Release|Any CPU = Release|Any CPU
	EndGlobalSection
	GlobalSection(ProjectConfigurationPlatforms) = postSolution
		{5FC4B8E6-42CC-484E-ABBD-9045E837C5BA}.Debug|Any CPU.ActiveCfg = Debug|Any CPU
		{5FC4B8E6-42CC-484E-ABBD-9045E837C5BA}.Debug|Any CPU.Build.0 = Debug|Any CPU
		{5FC4B8E6-42CC-484E-ABBD-9045E837C5BA}.Release|Any CPU.ActiveCfg = Release|Any CPU
		{5FC4B8E6-42CC-484E-ABBD-9045E837C5BA}.Release|Any CPU.Build.0 = Release|Any CPU
		{016A8A04-04AC-4A71-9015-6919B965B9F5}.Debug|Any CPU.ActiveCfg = Debug|Any CPU
		{016A8A04-04AC-4A71-9015-6919B965B9F5}.Debug|Any CPU.Build.0 = Debug|Any CPU
		{016A8A04-04AC-4A71-9015-6919B965B9F5}.Release|Any CPU.ActiveCfg = Release|Any CPU
		{016A8A04-04AC-4A71-9015-6919B965B9F5}.Release|Any CPU.Build.0 = Release|Any CPU
		{CF952240-BB01-4D28-8DEF-617014615B8A}.Debug|Any CPU.ActiveCfg = Debug|Any CPU
		{CF952240-BB01-4D28-8DEF-617014615B8A}.Debug|Any CPU.Build.0 = Debug|Any CPU
		{CF952240-BB01-4D28-8DEF-617014615B8A}.Release|Any CPU.ActiveCfg = Release|Any CPU
		{CF952240-BB01-4D28-8DEF-617014615B8A}.Release|Any CPU.Build.0 = Release|Any CPU
		{1FA2915A-1FE3-4903-984E-7966FDCA78DC}.Debug|Any CPU.ActiveCfg = Debug|Any CPU
		{1FA2915A-1FE3-4903-984E-7966FDCA78DC}.Debug|Any CPU.Build.0 = Debug|Any CPU
		{1FA2915A-1FE3-4903-984E-7966FDCA78DC}.Release|Any CPU.ActiveCfg = Release|Any CPU
		{1FA2915A-1FE3-4903-984E-7966FDCA78DC}.Release|Any CPU.Build.0 = Release|Any CPU
		{D226FC6E-B5C6-4CCA-96FE-557952D57F8A}.Debug|Any CPU.ActiveCfg = Debug|Any CPU
		{D226FC6E-B5C6-4CCA-96FE-557952D57F8A}.Debug|Any CPU.Build.0 = Debug|Any CPU
		{D226FC6E-B5C6-4CCA-96FE-557952D57F8A}.Release|Any CPU.ActiveCfg = Release|Any CPU
		{D226FC6E-B5C6-4CCA-96FE-557952D57F8A}.Release|Any CPU.Build.0 = Release|Any CPU
		{D5DD0207-A9E7-4742-AA1E-88D213A21D79}.Debug|Any CPU.ActiveCfg = Debug|Any CPU
		{D5DD0207-A9E7-4742-AA1E-88D213A21D79}.Debug|Any CPU.Build.0 = Debug|Any CPU
		{D5DD0207-A9E7-4742-AA1E-88D213A21D79}.Release|Any CPU.ActiveCfg = Release|Any CPU
		{D5DD0207-A9E7-4742-AA1E-88D213A21D79}.Release|Any CPU.Build.0 = Release|Any CPU
		{A8D5D85A-B58A-4838-B686-0FA44C14D467}.Debug|Any CPU.ActiveCfg = Debug|Any CPU
		{A8D5D85A-B58A-4838-B686-0FA44C14D467}.Debug|Any CPU.Build.0 = Debug|Any CPU
		{A8D5D85A-B58A-4838-B686-0FA44C14D467}.Release|Any CPU.ActiveCfg = Release|Any CPU
		{A8D5D85A-B58A-4838-B686-0FA44C14D467}.Release|Any CPU.Build.0 = Release|Any CPU
		{D0140EF7-48BB-4312-9FD4-6F52188B1B04}.Debug|Any CPU.ActiveCfg = Debug|Any CPU
		{D0140EF7-48BB-4312-9FD4-6F52188B1B04}.Debug|Any CPU.Build.0 = Debug|Any CPU
		{D0140EF7-48BB-4312-9FD4-6F52188B1B04}.Release|Any CPU.ActiveCfg = Release|Any CPU
		{D0140EF7-48BB-4312-9FD4-6F52188B1B04}.Release|Any CPU.Build.0 = Release|Any CPU
		{47E4B570-2D07-44CC-B716-27BD6183DB2A}.Debug|Any CPU.ActiveCfg = Debug|Any CPU
		{47E4B570-2D07-44CC-B716-27BD6183DB2A}.Debug|Any CPU.Build.0 = Debug|Any CPU
		{47E4B570-2D07-44CC-B716-27BD6183DB2A}.Release|Any CPU.ActiveCfg = Release|Any CPU
		{47E4B570-2D07-44CC-B716-27BD6183DB2A}.Release|Any CPU.Build.0 = Release|Any CPU
		{F58CD9FC-8147-454A-B305-C51C5655B0AC}.Debug|Any CPU.ActiveCfg = Debug|Any CPU
		{F58CD9FC-8147-454A-B305-C51C5655B0AC}.Debug|Any CPU.Build.0 = Debug|Any CPU
		{F58CD9FC-8147-454A-B305-C51C5655B0AC}.Release|Any CPU.ActiveCfg = Release|Any CPU
		{F58CD9FC-8147-454A-B305-C51C5655B0AC}.Release|Any CPU.Build.0 = Release|Any CPU
	EndGlobalSection
	GlobalSection(NestedProjects) = preSolution
		{5FC4B8E6-42CC-484E-ABBD-9045E837C5BA} = {8B961A01-8513-4C9D-8DC6-413C03E9967D}
		{016A8A04-04AC-4A71-9015-6919B965B9F5} = {83E2AF05-E460-4E7B-B7D6-82727DF89DD3}
		{CF952240-BB01-4D28-8DEF-617014615B8A} = {83E2AF05-E460-4E7B-B7D6-82727DF89DD3}
		{1FA2915A-1FE3-4903-984E-7966FDCA78DC} = {83E2AF05-E460-4E7B-B7D6-82727DF89DD3}
		{D226FC6E-B5C6-4CCA-96FE-557952D57F8A} = {83E2AF05-E460-4E7B-B7D6-82727DF89DD3}
		{D5DD0207-A9E7-4742-AA1E-88D213A21D79} = {83E2AF05-E460-4E7B-B7D6-82727DF89DD3}
		{A8D5D85A-B58A-4838-B686-0FA44C14D467} = {E6609080-CFDF-44E9-AFA9-F2C8C2AE6271}
		{D0140EF7-48BB-4312-9FD4-6F52188B1B04} = {E6609080-CFDF-44E9-AFA9-F2C8C2AE6271}
		{47E4B570-2D07-44CC-B716-27BD6183DB2A} = {E6609080-CFDF-44E9-AFA9-F2C8C2AE6271}
		{F58CD9FC-8147-454A-B305-C51C5655B0AC} = {E6609080-CFDF-44E9-AFA9-F2C8C2AE6271}
	EndGlobalSection
EndGlobal
